{
  "name": "red-shirt-innoquous",
  "version": "1.0.0",
  "lockfileVersion": 1,
  "requires": true,
  "dependencies": {
    "@gm/sidorakh.http.gml": {
      "version": "1.0.4",
      "resolved": "https://nexus.gmcw.dev/@gm%2fsidorakh.http.gml/-/sidorakh.http.gml-1.0.4.tgz",
      "integrity": "sha512-ZZG4T4xMTKCqGYk6vkT383BTdMDy9YUmwwhzbWsNzO+03Y0E3KjjaCACBd/5qiK086/A2LG4ytfjUF974Bw+Yw=="
    }
  }
}
